{
  "nodes": {
    "aquamarine": {
      "inputs": {
        "hyprutils": "hyprutils",
        "hyprwayland-scanner": "hyprwayland-scanner",
        "nixpkgs": "nixpkgs",
        "systems": "systems"
      },
      "locked": {
        "lastModified": 1774211390,
        "narHash": "sha256-sTtAgCCaX8VNNZlQFACd3i1IQ+DB0Wf3COgiFS152ds=",
        "owner": "hyprwm",
        "repo": "aquamarine",
        "rev": "f62a4dbfa4e5584f14ad4c62afedf6e4b433cf70",
        "type": "github"
      },
      "original": {
        "owner": "hyprwm",
        "repo": "aquamarine",
        "type": "github"
      }
    },
    "flake-parts": {
      "inputs": {
        "nixpkgs-lib": "nixpkgs-lib"
      },
      "locked": {
        "lastModified": 1701473968,
        "narHash": "sha256-YcVE5emp1qQ8ieHUnxt1wCZCC3ZfAS+SRRWZ2TMda7E=",
        "owner": "hercules-ci",
        "repo": "flake-parts",
        "rev": "34fed993f1674c8d06d58b37ce1e0fe5eebcb9f5",
        "type": "github"
      },
      "original": {
        "owner": "hercules-ci",
        "repo": "flake-parts",
        "type": "github"
      }
    },
    "flake-parts_2": {
      "inputs": {
        "nixpkgs-lib": [
          "nixtheplanet",
          "hercules-ci-effects",
          "nixpkgs"
        ]
      },
      "locked": {
        "lastModified": 1696343447,
        "narHash": "sha256-B2xAZKLkkeRFG5XcHHSXXcP7To9Xzr59KXeZiRf4vdQ=",
        "owner": "hercules-ci",
        "repo": "flake-parts",
        "rev": "c9afaba3dfa4085dbd2ccb38dfade5141e33d9d4",
        "type": "github"
      },
      "original": {
        "id": "flake-parts",
        "type": "indirect"
      }
    },
    "hercules-ci-effects": {
      "inputs": {
        "flake-parts": "flake-parts_2",
        "nixpkgs": "nixpkgs_3"
      },
      "locked": {
        "lastModified": 1701009247,
        "narHash": "sha256-GuX16rzRze2y7CsewJLTV6qXkXWyEwp6VCZXi8HLruU=",
        "owner": "hercules-ci",
        "repo": "hercules-ci-effects",
        "rev": "31b6cd7569191bfcd0a548575b0e2ef953ed7d09",
        "type": "github"
      },
      "original": {
        "owner": "hercules-ci",
        "repo": "hercules-ci-effects",
        "type": "github"
      }
    },
    "home-manager": {
      "inputs": {
        "nixpkgs": [
          "nixpkgs"
        ]
      },
      "locked": {
        "lastModified": 1775268934,
        "narHash": "sha256-Sa5tW5kYPJornQEkFVD43F/0d4/WP+/GLTNktTFe2qU=",
        "owner": "nix-community",
        "repo": "home-manager",
        "rev": "9dc93220c1c9a410ef6277d6dc55c571d9e592d0",
        "type": "github"
      },
      "original": {
        "owner": "nix-community",
        "repo": "home-manager",
        "type": "github"
      }
    },
    "hyprutils": {
      "inputs": {
        "nixpkgs": [
          "aquamarine",
          "nixpkgs"
        ],
        "systems": [
          "aquamarine",
          "systems"
        ]
      },
      "locked": {
        "lastModified": 1772459870,
        "narHash": "sha256-xxkK2Cvqxpf/4UGcJ/TyCwrvmiNWsKsJfFzHMp2bxis=",
        "owner": "hyprwm",
        "repo": "hyprutils",
        "rev": "e63f3a79334dec49f8eb1691f66f18115df04085",
        "type": "github"
      },
      "original": {
        "owner": "hyprwm",
        "repo": "hyprutils",
        "type": "github"
      }
    },
    "hyprwayland-scanner": {
      "inputs": {
        "nixpkgs": [
          "aquamarine",
          "nixpkgs"
        ],
        "systems": [
          "aquamarine",
          "systems"
        ]
      },
      "locked": {
        "lastModified": 1772459835,
        "narHash": "sha256-978jRz/y/9TKmZb/qD4lEYHCQGHpEXGqy+8X2lFZsak=",
        "owner": "hyprwm",
        "repo": "hyprwayland-scanner",
        "rev": "0a692d4a645165eebd65f109146b8861e3a925e7",
        "type": "github"
      },
      "original": {
        "owner": "hyprwm",
        "repo": "hyprwayland-scanner",
        "type": "github"
      }
    },
    "nixpkgs": {
      "locked": {
        "lastModified": 1772198003,
        "narHash": "sha256-I45esRSssFtJ8p/gLHUZ1OUaaTaVLluNkABkk6arQwE=",
        "owner": "NixOS",
        "repo": "nixpkgs",
        "rev": "dd9b079222d43e1943b6ebd802f04fd959dc8e61",
        "type": "github"
      },
      "original": {
        "owner": "NixOS",
        "ref": "nixos-unstable",
        "repo": "nixpkgs",
        "type": "github"
      }
    },
    "nixpkgs-lib": {
      "locked": {
        "dir": "lib",
        "lastModified": 1701253981,
        "narHash": "sha256-ztaDIyZ7HrTAfEEUt9AtTDNoCYxUdSd6NrRHaYOIxtk=",
        "owner": "NixOS",
        "repo": "nixpkgs",
        "rev": "e92039b55bcd58469325ded85d4f58dd5a4eaf58",
        "type": "github"
      },
      "original": {
        "dir": "lib",
        "owner": "NixOS",
        "ref": "nixos-unstable",
        "repo": "nixpkgs",
        "type": "github"
      }
    },
    "nixpkgs_2": {
      "locked": {
        "lastModified": 1775036866,
        "narHash": "sha256-ZojAnPuCdy657PbTq5V0Y+AHKhZAIwSIT2cb8UgAz/U=",
        "owner": "NixOS",
        "repo": "nixpkgs",
        "rev": "6201e203d09599479a3b3450ed24fa81537ebc4e",
        "type": "github"
      },
      "original": {
        "owner": "NixOS",
        "ref": "nixos-unstable",
        "repo": "nixpkgs",
        "type": "github"
      }
    },
    "nixpkgs_3": {
      "locked": {
        "lastModified": 1697723726,
        "narHash": "sha256-SaTWPkI8a5xSHX/rrKzUe+/uVNy6zCGMXgoeMb7T9rg=",
        "owner": "NixOS",
        "repo": "nixpkgs",
        "rev": "7c9cc5a6e5d38010801741ac830a3f8fd667a7a0",
        "type": "github"
      },
      "original": {
        "owner": "NixOS",
        "ref": "nixos-unstable",
        "repo": "nixpkgs",
        "type": "github"
      }
    },
    "nixpkgs_4": {
      "locked": {
        "lastModified": 1703255338,
        "narHash": "sha256-Z6wfYJQKmDN9xciTwU3cOiOk+NElxdZwy/FiHctCzjU=",
        "owner": "nixos",
        "repo": "nixpkgs",
        "rev": "6df37dc6a77654682fe9f071c62b4242b5342e04",
        "type": "github"
      },
      "original": {
        "owner": "nixos",
        "ref": "nixos-unstable",
        "repo": "nixpkgs",
        "type": "github"
      }
    },
    "nixtheplanet": {
      "inputs": {
        "flake-parts": "flake-parts",
        "hercules-ci-effects": "hercules-ci-effects",
        "nixpkgs": "nixpkgs_4",
        "osx-kvm": "osx-kvm"
      },
      "locked": {
        "lastModified": 1770476361,
        "narHash": "sha256-pgssb+oYSuwUgaA6HkOCIMg8gfBKwAXwEqSTtHNg4fQ=",
        "owner": "matthewcroughan",
        "repo": "nixtheplanet",
        "rev": "dd42cc1f1e3cabd2bbf671810a6beda8a4568055",
        "type": "github"
      },
      "original": {
        "owner": "matthewcroughan",
        "repo": "nixtheplanet",
        "type": "github"
      }
    },
    "nur": {
      "inputs": {
        "nixpkgs": [
          "nixpkgs"
        ]
      },
      "locked": {
        "dir": "pkgs/firefox-addons",
        "lastModified": 1775275385,
        "narHash": "sha256-ZaU7vo1E6oY+sG1HeEhtEWvRr3zYxkNWeWztSnbfgmc=",
        "owner": "rycee",
        "repo": "nur-expressions",
        "rev": "30a2e55fc20909b4b9e104e0254a2473184138a2",
        "type": "gitlab"
      },
      "original": {
        "dir": "pkgs/firefox-addons",
        "owner": "rycee",
        "repo": "nur-expressions",
        "type": "gitlab"
      }
    },
    "osx-kvm": {
      "flake": false,
      "locked": {
        "lastModified": 1701316418,
        "narHash": "sha256-Sk8LYhFovoMX1ln7DWYArJQphW2a4h8Xg7/ZEZXwZv4=",
        "owner": "kholia",
        "repo": "OSX-KVM",
        "rev": "09daff670a7eb9ff616073df329586c5995623a9",
        "type": "github"
      },
      "original": {
        "owner": "kholia",
        "repo": "OSX-KVM",
        "type": "github"
      }
    },
    "root": {
      "inputs": {
        "aquamarine": "aquamarine",
        "home-manager": "home-manager",
        "nixpkgs": "nixpkgs_2",
        "nixtheplanet": "nixtheplanet",
        "nur": "nur"
      }
    },
    "systems": {
      "locked": {
        "lastModified": 1689347949,
        "narHash": "sha256-12tWmuL2zgBgZkdoB6qXZsgJEH9LR3oUgpaQq2RbI80=",
        "owner": "nix-systems",
        "repo": "default-linux",
        "rev": "31732fcf5e8fea42e59c2488ad31a0e651500f68",
        "type": "github"
      },
      "original": {
        "owner": "nix-systems",
        "repo": "default-linux",
        "type": "github"
      }
    }
  },
  "root": "root",
  "version": 7
}
